// !$*UTF8*$!
{
	archiveVersion = 1;
	classes = {
	};
	objectVersion = 55;
	objects = {

/* Begin PBXBuildFile section */
		DBE54ED5272B163200CEC642 /* dotBrainsApp.swift in Sources */ = {isa = PBXBuildFile; fileRef = DBE54EAD272B163000CEC642 /* dotBrainsApp.swift */; };
		DBE54ED6272B163200CEC642 /* dotBrainsApp.swift in Sources */ = {isa = PBXBuildFile; fileRef = DBE54EAD272B163000CEC642 /* dotBrainsApp.swift */; };
		DBE54ED7272B163200CEC642 /* ContentView.swift in Sources */ = {isa = PBXBuildFile; fileRef = DBE54EAE272B163000CEC642 /* ContentView.swift */; };
		DBE54ED8272B163200CEC642 /* ContentView.swift in Sources */ = {isa = PBXBuildFile; fileRef = DBE54EAE272B163000CEC642 /* ContentView.swift */; };
		DBE54ED9272B163200CEC642 /* Assets.xcassets in Resources */ = {isa = PBXBuildFile; fileRef = DBE54EAF272B163200CEC642 /* Assets.xcassets */; };
		DBE54EDA272B163200CEC642 /* Assets.xcassets in Resources */ = {isa = PBXBuildFile; fileRef = DBE54EAF272B163200CEC642 /* Assets.xcassets */; };
		DBE54EED272B17B400CEC642 /* Brain.swift in Sources */ = {isa = PBXBuildFile; fileRef = DBE54EEC272B17B400CEC642 /* Brain.swift */; };
		DBE54EEE272B17B400CEC642 /* Brain.swift in Sources */ = {isa = PBXBuildFile; fileRef = DBE54EEC272B17B400CEC642 /* Brain.swift */; };
		DBE54EF0272B195A00CEC642 /* Vector.swift in Sources */ = {isa = PBXBuildFile; fileRef = DBE54EEF272B195A00CEC642 /* Vector.swift */; };
		DBE54EF1272B195A00CEC642 /* Vector.swift in Sources */ = {isa = PBXBuildFile; fileRef = DBE54EEF272B195A00CEC642 /* Vector.swift */; };
		DBE54EF9272B1E9100CEC642 /* dotBrainsTests.swift in Sources */ = {isa = PBXBuildFile; fileRef = DBE54EF8272B1E9100CEC642 /* dotBrainsTests.swift */; };
		DBE54F01272B409D00CEC642 /* Species.swift in Sources */ = {isa = PBXBuildFile; fileRef = DBE54F00272B409D00CEC642 /* Species.swift */; };
		DBE54F02272B409D00CEC642 /* Species.swift in Sources */ = {isa = PBXBuildFile; fileRef = DBE54F00272B409D00CEC642 /* Species.swift */; };
		DBE54F04272B440600CEC642 /* Population.swift in Sources */ = {isa = PBXBuildFile; fileRef = DBE54F03272B440600CEC642 /* Population.swift */; };
		DBE54F05272B440600CEC642 /* Population.swift in Sources */ = {isa = PBXBuildFile; fileRef = DBE54F03272B440600CEC642 /* Population.swift */; };
/* End PBXBuildFile section */

/* Begin PBXContainerItemProxy section */
		DBE54EFA272B1E9100CEC642 /* PBXContainerItemProxy */ = {
			isa = PBXContainerItemProxy;
			containerPortal = DBE54EA8272B162F00CEC642 /* Project object */;
			proxyType = 1;
			remoteGlobalIDString = DBE54EB3272B163200CEC642;
			remoteInfo = "dotBrains (iOS)";
		};
/* End PBXContainerItemProxy section */

/* Begin PBXFileReference section */
		DBE54EAD272B163000CEC642 /* dotBrainsApp.swift */ = {isa = PBXFileReference; lastKnownFileType = sourcecode.swift; path = dotBrainsApp.swift; sourceTree = "<group>"; };
		DBE54EAE272B163000CEC642 /* ContentView.swift */ = {isa = PBXFileReference; lastKnownFileType = sourcecode.swift; path = ContentView.swift; sourceTree = "<group>"; };
		DBE54EAF272B163200CEC642 /* Assets.xcassets */ = {isa = PBXFileReference; lastKnownFileType = folder.assetcatalog; path = Assets.xcassets; sourceTree = "<group>"; };
		DBE54EB4272B163200CEC642 /* dotBrains.app */ = {isa = PBXFileReference; explicitFileType = wrapper.application; includeInIndex = 0; path = dotBrains.app; sourceTree = BUILT_PRODUCTS_DIR; };
		DBE54EBA272B163200CEC642 /* dotBrains.app */ = {isa = PBXFileReference; explicitFileType = wrapper.application; includeInIndex = 0; path = dotBrains.app; sourceTree = BUILT_PRODUCTS_DIR; };
		DBE54EBC272B163200CEC642 /* macOS.entitlements */ = {isa = PBXFileReference; lastKnownFileType = text.plist.entitlements; path = macOS.entitlements; sourceTree = "<group>"; };
		DBE54EEC272B17B400CEC642 /* Brain.swift */ = {isa = PBXFileReference; lastKnownFileType = sourcecode.swift; path = Brain.swift; sourceTree = "<group>"; };
		DBE54EEF272B195A00CEC642 /* Vector.swift */ = {isa = PBXFileReference; lastKnownFileType = sourcecode.swift; path = Vector.swift; sourceTree = "<group>"; };
		DBE54EF6272B1E9100CEC642 /* dotBrainsTests.xctest */ = {isa = PBXFileReference; explicitFileType = wrapper.cfbundle; includeInIndex = 0; path = dotBrainsTests.xctest; sourceTree = BUILT_PRODUCTS_DIR; };
		DBE54EF8272B1E9100CEC642 /* dotBrainsTests.swift */ = {isa = PBXFileReference; lastKnownFileType = sourcecode.swift; path = dotBrainsTests.swift; sourceTree = "<group>"; };
		DBE54EFF272B306700CEC642 /* TestPlan.xctestplan */ = {isa = PBXFileReference; lastKnownFileType = text; path = TestPlan.xctestplan; sourceTree = "<group>"; };
		DBE54F00272B409D00CEC642 /* Species.swift */ = {isa = PBXFileReference; lastKnownFileType = sourcecode.swift; path = Species.swift; sourceTree = "<group>"; };
		DBE54F03272B440600CEC642 /* Population.swift */ = {isa = PBXFileReference; lastKnownFileType = sourcecode.swift; path = Population.swift; sourceTree = "<group>"; };
/* End PBXFileReference section */

/* Begin PBXFrameworksBuildPhase section */
		DBE54EB1272B163200CEC642 /* Frameworks */ = {
			isa = PBXFrameworksBuildPhase;
			buildActionMask = 2147483647;
			files = (
			);
			runOnlyForDeploymentPostprocessing = 0;
		};
		DBE54EB7272B163200CEC642 /* Frameworks */ = {
			isa = PBXFrameworksBuildPhase;
			buildActionMask = 2147483647;
			files = (
			);
			runOnlyForDeploymentPostprocessing = 0;
		};
		DBE54EF3272B1E9100CEC642 /* Frameworks */ = {
			isa = PBXFrameworksBuildPhase;
			buildActionMask = 2147483647;
			files = (
			);
			runOnlyForDeploymentPostprocessing = 0;
		};
/* End PBXFrameworksBuildPhase section */

/* Begin PBXGroup section */
		DBE54EA7272B162F00CEC642 = {
			isa = PBXGroup;
			children = (
				DBE54EAC272B163000CEC642 /* Shared */,
				DBE54EBB272B163200CEC642 /* macOS */,
				DBE54EF7272B1E9100CEC642 /* dotBrainsTests */,
				DBE54EB5272B163200CEC642 /* Products */,
			);
			sourceTree = "<group>";
		};
		DBE54EAC272B163000CEC642 /* Shared */ = {
			isa = PBXGroup;
			children = (
				DBE54EAD272B163000CEC642 /* dotBrainsApp.swift */,
				DBE54EAE272B163000CEC642 /* ContentView.swift */,
				DBE54EAF272B163200CEC642 /* Assets.xcassets */,
				DBE54EEC272B17B400CEC642 /* Brain.swift */,
				DBE54EEF272B195A00CEC642 /* Vector.swift */,
				DBE54F00272B409D00CEC642 /* Species.swift */,
				DBE54F03272B440600CEC642 /* Population.swift */,
			);
			path = Shared;
			sourceTree = "<group>";
		};
		DBE54EB5272B163200CEC642 /* Products */ = {
			isa = PBXGroup;
			children = (
				DBE54EB4272B163200CEC642 /* dotBrains.app */,
				DBE54EBA272B163200CEC642 /* dotBrains.app */,
				DBE54EF6272B1E9100CEC642 /* dotBrainsTests.xctest */,
			);
			name = Products;
			sourceTree = "<group>";
		};
		DBE54EBB272B163200CEC642 /* macOS */ = {
			isa = PBXGroup;
			children = (
				DBE54EBC272B163200CEC642 /* macOS.entitlements */,
			);
			path = macOS;
			sourceTree = "<group>";
		};
		DBE54EF7272B1E9100CEC642 /* dotBrainsTests */ = {
			isa = PBXGroup;
			children = (
				DBE54EF8272B1E9100CEC642 /* dotBrainsTests.swift */,
				DBE54EFF272B306700CEC642 /* TestPlan.xctestplan */,
			);
			path = dotBrainsTests;
			sourceTree = "<group>";
		};
/* End PBXGroup section */

/* Begin PBXNativeTarget section */
		DBE54EB3272B163200CEC642 /* dotBrains (iOS) */ = {
			isa = PBXNativeTarget;
			buildConfigurationList = DBE54EDD272B163200CEC642 /* Build configuration list for PBXNativeTarget "dotBrains (iOS)" */;
			buildPhases = (
				DBE54EB0272B163200CEC642 /* Sources */,
				DBE54EB1272B163200CEC642 /* Frameworks */,
				DBE54EB2272B163200CEC642 /* Resources */,
			);
			buildRules = (
			);
			dependencies = (
			);
			name = "dotBrains (iOS)";
			productName = "dotBrains (iOS)";
			productReference = DBE54EB4272B163200CEC642 /* dotBrains.app */;
			productType = "com.apple.product-type.application";
		};
		DBE54EB9272B163200CEC642 /* dotBrains (macOS) */ = {
			isa = PBXNativeTarget;
			buildConfigurationList = DBE54EE0272B163200CEC642 /* Build configuration list for PBXNativeTarget "dotBrains (macOS)" */;
			buildPhases = (
				DBE54EB6272B163200CEC642 /* Sources */,
				DBE54EB7272B163200CEC642 /* Frameworks */,
				DBE54EB8272B163200CEC642 /* Resources */,
			);
			buildRules = (
			);
			dependencies = (
			);
			name = "dotBrains (macOS)";
			productName = "dotBrains (macOS)";
			productReference = DBE54EBA272B163200CEC642 /* dotBrains.app */;
			productType = "com.apple.product-type.application";
		};
		DBE54EF5272B1E9100CEC642 /* dotBrainsTests */ = {
			isa = PBXNativeTarget;
			buildConfigurationList = DBE54EFC272B1E9100CEC642 /* Build configuration list for PBXNativeTarget "dotBrainsTests" */;
			buildPhases = (
				DBE54EF2272B1E9100CEC642 /* Sources */,
				DBE54EF3272B1E9100CEC642 /* Frameworks */,
				DBE54EF4272B1E9100CEC642 /* Resources */,
			);
			buildRules = (
			);
			dependencies = (
				DBE54EFB272B1E9100CEC642 /* PBXTargetDependency */,
			);
			name = dotBrainsTests;
			productName = dotBrainsTests;
			productReference = DBE54EF6272B1E9100CEC642 /* dotBrainsTests.xctest */;
			productType = "com.apple.product-type.bundle.unit-test";
		};
/* End PBXNativeTarget section */

/* Begin PBXProject section */
		DBE54EA8272B162F00CEC642 /* Project object */ = {
			isa = PBXProject;
			attributes = {
				BuildIndependentTargetsInParallel = 1;
				LastSwiftUpdateCheck = 1300;
				LastUpgradeCheck = 1300;
				TargetAttributes = {
					DBE54EB3272B163200CEC642 = {
						CreatedOnToolsVersion = 13.0;
					};
					DBE54EB9272B163200CEC642 = {
						CreatedOnToolsVersion = 13.0;
					};
					DBE54EF5272B1E9100CEC642 = {
						CreatedOnToolsVersion = 13.0;
						TestTargetID = DBE54EB3272B163200CEC642;
					};
				};
			};
			buildConfigurationList = DBE54EAB272B162F00CEC642 /* Build configuration list for PBXProject "dotBrains" */;
			compatibilityVersion = "Xcode 13.0";
			developmentRegion = en;
			hasScannedForEncodings = 0;
			knownRegions = (
				en,
				Base,
			);
			mainGroup = DBE54EA7272B162F00CEC642;
			productRefGroup = DBE54EB5272B163200CEC642 /* Products */;
			projectDirPath = "";
			projectRoot = "";
			targets = (
				DBE54EB3272B163200CEC642 /* dotBrains (iOS) */,
				DBE54EB9272B163200CEC642 /* dotBrains (macOS) */,
				DBE54EF5272B1E9100CEC642 /* dotBrainsTests */,
			);
		};
/* End PBXProject section */

/* Begin PBXResourcesBuildPhase section */
		DBE54EB2272B163200CEC642 /* Resources */ = {
			isa = PBXResourcesBuildPhase;
			buildActionMask = 2147483647;
			files = (
				DBE54ED9272B163200CEC642 /* Assets.xcassets in Resources */,
			);
			runOnlyForDeploymentPostprocessing = 0;
		};
		DBE54EB8272B163200CEC642 /* Resources */ = {
			isa = PBXResourcesBuildPhase;
			buildActionMask = 2147483647;
			files = (
				DBE54EDA272B163200CEC642 /* Assets.xcassets in Resources */,
			);
			runOnlyForDeploymentPostprocessing = 0;
		};
		DBE54EF4272B1E9100CEC642 /* Resources */ = {
			isa = PBXResourcesBuildPhase;
			buildActionMask = 2147483647;
			files = (
			);
			runOnlyForDeploymentPostprocessing = 0;
		};
/* End PBXResourcesBuildPhase section */

/* Begin PBXSourcesBuildPhase section */
		DBE54EB0272B163200CEC642 /* Sources */ = {
			isa = PBXSourcesBuildPhase;
			buildActionMask = 2147483647;
			files = (
				DBE54F04272B440600CEC642 /* Population.swift in Sources */,
				DBE54ED7272B163200CEC642 /* ContentView.swift in Sources */,
				DBE54EED272B17B400CEC642 /* Brain.swift in Sources */,
				DBE54EF0272B195A00CEC642 /* Vector.swift in Sources */,
				DBE54F01272B409D00CEC642 /* Species.swift in Sources */,
				DBE54ED5272B163200CEC642 /* dotBrainsApp.swift in Sources */,
			);
			runOnlyForDeploymentPostprocessing = 0;
		};
		DBE54EB6272B163200CEC642 /* Sources */ = {
			isa = PBXSourcesBuildPhase;
			buildActionMask = 2147483647;
			files = (
				DBE54F05272B440600CEC642 /* Population.swift in Sources */,
				DBE54ED8272B163200CEC642 /* ContentView.swift in Sources */,
				DBE54EEE272B17B400CEC642 /* Brain.swift in Sources */,
				DBE54EF1272B195A00CEC642 /* Vector.swift in Sources */,
				DBE54F02272B409D00CEC642 /* Species.swift in Sources */,
				DBE54ED6272B163200CEC642 /* dotBrainsApp.swift in Sources */,
			);
			runOnlyForDeploymentPostprocessing = 0;
		};
		DBE54EF2272B1E9100CEC642 /* Sources */ = {
			isa = PBXSourcesBuildPhase;
			buildActionMask = 2147483647;
			files = (
				DBE54EF9272B1E9100CEC642 /* dotBrainsTests.swift in Sources */,
			);
			runOnlyForDeploymentPostprocessing = 0;
		};
/* End PBXSourcesBuildPhase section */

/* Begin PBXTargetDependency section */
		DBE54EFB272B1E9100CEC642 /* PBXTargetDependency */ = {
			isa = PBXTargetDependency;
			target = DBE54EB3272B163200CEC642 /* dotBrains (iOS) */;
			targetProxy = DBE54EFA272B1E9100CEC642 /* PBXContainerItemProxy */;
		};
/* End PBXTargetDependency section */

/* Begin XCBuildConfiguration section */
		DBE54EDB272B163200CEC642 /* Debug */ = {
			isa = XCBuildConfiguration;
			buildSettings = {
				ALWAYS_SEARCH_USER_PATHS = NO;
				CLANG_ANALYZER_NONNULL = YES;
				CLANG_ANALYZER_NUMBER_OBJECT_CONVERSION = YES_AGGRESSIVE;
				CLANG_CXX_LANGUAGE_STANDARD = "gnu++17";
				CLANG_CXX_LIBRARY = "libc++";
				CLANG_ENABLE_MODULES = YES;
				CLANG_ENABLE_OBJC_ARC = YES;
				CLANG_ENABLE_OBJC_WEAK = YES;
				CLANG_WARN_BLOCK_CAPTURE_AUTORELEASING = YES;
				CLANG_WARN_BOOL_CONVERSION = YES;
				CLANG_WARN_COMMA = YES;
				CLANG_WARN_CONSTANT_CONVERSION = YES;
				CLANG_WARN_DEPRECATED_OBJC_IMPLEMENTATIONS = YES;
				CLANG_WARN_DIRECT_OBJC_ISA_USAGE = YES_ERROR;
				CLANG_WARN_DOCUMENTATION_COMMENTS = YES;
				CLANG_WARN_EMPTY_BODY = YES;
				CLANG_WARN_ENUM_CONVERSION = YES;
				CLANG_WARN_INFINITE_RECURSION = YES;
				CLANG_WARN_INT_CONVERSION = YES;
				CLANG_WARN_NON_LITERAL_NULL_CONVERSION = YES;
				CLANG_WARN_OBJC_IMPLICIT_RETAIN_SELF = YES;
				CLANG_WARN_OBJC_LITERAL_CONVERSION = YES;
				CLANG_WARN_OBJC_ROOT_CLASS = YES_ERROR;
				CLANG_WARN_QUOTED_INCLUDE_IN_FRAMEWORK_HEADER = YES;
				CLANG_WARN_RANGE_LOOP_ANALYSIS = YES;
				CLANG_WARN_STRICT_PROTOTYPES = YES;
				CLANG_WARN_SUSPICIOUS_MOVE = YES;
				CLANG_WARN_UNGUARDED_AVAILABILITY = YES_AGGRESSIVE;
				CLANG_WARN_UNREACHABLE_CODE = YES;
				CLANG_WARN__DUPLICATE_METHOD_MATCH = YES;
				COPY_PHASE_STRIP = NO;
				DEBUG_INFORMATION_FORMAT = dwarf;
				ENABLE_STRICT_OBJC_MSGSEND = YES;
				ENABLE_TESTABILITY = YES;
				GCC_C_LANGUAGE_STANDARD = gnu11;
				GCC_DYNAMIC_NO_PIC = NO;
				GCC_NO_COMMON_BLOCKS = YES;
				GCC_OPTIMIZATION_LEVEL = 0;
				GCC_PREPROCESSOR_DEFINITIONS = (
					"DEBUG=1",
					"$(inherited)",
				);
				GCC_WARN_64_TO_32_BIT_CONVERSION = YES;
				GCC_WARN_ABOUT_RETURN_TYPE = YES_ERROR;
				GCC_WARN_UNDECLARED_SELECTOR = YES;
				GCC_WARN_UNINITIALIZED_AUTOS = YES_AGGRESSIVE;
				GCC_WARN_UNUSED_FUNCTION = YES;
				GCC_WARN_UNUSED_VARIABLE = YES;
				MTL_ENABLE_DEBUG_INFO = INCLUDE_SOURCE;
				MTL_FAST_MATH = YES;
				ONLY_ACTIVE_ARCH = YES;
				SWIFT_ACTIVE_COMPILATION_CONDITIONS = DEBUG;
				SWIFT_OPTIMIZATION_LEVEL = "-Onone";
			};
			name = Debug;
		};
		DBE54EDC272B163200CEC642 /* Release */ = {
			isa = XCBuildConfiguration;
			buildSettings = {
				ALWAYS_SEARCH_USER_PATHS = NO;
				CLANG_ANALYZER_NONNULL = YES;
				CLANG_ANALYZER_NUMBER_OBJECT_CONVERSION = YES_AGGRESSIVE;
				CLANG_CXX_LANGUAGE_STANDARD = "gnu++17";
				CLANG_CXX_LIBRARY = "libc++";
				CLANG_ENABLE_MODULES = YES;
				CLANG_ENABLE_OBJC_ARC = YES;
				CLANG_ENABLE_OBJC_WEAK = YES;
				CLANG_WARN_BLOCK_CAPTURE_AUTORELEASING = YES;
				CLANG_WARN_BOOL_CONVERSION = YES;
				CLANG_WARN_COMMA = YES;
				CLANG_WARN_CONSTANT_CONVERSION = YES;
				CLANG_WARN_DEPRECATED_OBJC_IMPLEMENTATIONS = YES;
				CLANG_WARN_DIRECT_OBJC_ISA_USAGE = YES_ERROR;
				CLANG_WARN_DOCUMENTATION_COMMENTS = YES;
				CLANG_WARN_EMPTY_BODY = YES;
				CLANG_WARN_ENUM_CONVERSION = YES;
				CLANG_WARN_INFINITE_RECURSION = YES;
				CLANG_WARN_INT_CONVERSION = YES;
				CLANG_WARN_NON_LITERAL_NULL_CONVERSION = YES;
				CLANG_WARN_OBJC_IMPLICIT_RETAIN_SELF = YES;
				CLANG_WARN_OBJC_LITERAL_CONVERSION = YES;
				CLANG_WARN_OBJC_ROOT_CLASS = YES_ERROR;
				CLANG_WARN_QUOTED_INCLUDE_IN_FRAMEWORK_HEADER = YES;
				CLANG_WARN_RANGE_LOOP_ANALYSIS = YES;
				CLANG_WARN_STRICT_PROTOTYPES = YES;
				CLANG_WARN_SUSPICIOUS_MOVE = YES;
				CLANG_WARN_UNGUARDED_AVAILABILITY = YES_AGGRESSIVE;
				CLANG_WARN_UNREACHABLE_CODE = YES;
				CLANG_WARN__DUPLICATE_METHOD_MATCH = YES;
				COPY_PHASE_STRIP = NO;
				DEBUG_INFORMATION_FORMAT = "dwarf-with-dsym";
				ENABLE_NS_ASSERTIONS = NO;
				ENABLE_STRICT_OBJC_MSGSEND = YES;
				GCC_C_LANGUAGE_STANDARD = gnu11;
				GCC_NO_COMMON_BLOCKS = YES;
				GCC_WARN_64_TO_32_BIT_CONVERSION = YES;
				GCC_WARN_ABOUT_RETURN_TYPE = YES_ERROR;
				GCC_WARN_UNDECLARED_SELECTOR = YES;
				GCC_WARN_UNINITIALIZED_AUTOS = YES_AGGRESSIVE;
				GCC_WARN_UNUSED_FUNCTION = YES;
				GCC_WARN_UNUSED_VARIABLE = YES;
				MTL_ENABLE_DEBUG_INFO = NO;
				MTL_FAST_MATH = YES;
				SWIFT_COMPILATION_MODE = wholemodule;
				SWIFT_OPTIMIZATION_LEVEL = "-O";
			};
			name = Release;
		};
		DBE54EDE272B163200CEC642 /* Debug */ = {
			isa = XCBuildConfiguration;
			buildSettings = {
				ASSETCATALOG_COMPILER_APPICON_NAME = AppIcon;
				ASSETCATALOG_COMPILER_GLOBAL_ACCENT_COLOR_NAME = AccentColor;
				CODE_SIGN_STYLE = Automatic;
				CURRENT_PROJECT_VERSION = 1;
				DEVELOPMENT_TEAM = 773WY6S7N4;
				ENABLE_PREVIEWS = YES;
				GENERATE_INFOPLIST_FILE = YES;
				INFOPLIST_KEY_UIApplicationSceneManifest_Generation = YES;
				INFOPLIST_KEY_UIApplicationSupportsIndirectInputEvents = YES;
				INFOPLIST_KEY_UILaunchScreen_Generation = YES;
				INFOPLIST_KEY_UISupportedInterfaceOrientations_iPad = "UIInterfaceOrientationPortrait UIInterfaceOrientationPortraitUpsideDown UIInterfaceOrientationLandscapeLeft UIInterfaceOrientationLandscapeRight";
				INFOPLIST_KEY_UISupportedInterfaceOrientations_iPhone = "UIInterfaceOrientationPortrait UIInterfaceOrientationLandscapeLeft UIInterfaceOrientationLandscapeRight";
				IPHONEOS_DEPLOYMENT_TARGET = 14.0;
				LD_RUNPATH_SEARCH_PATHS = (
					"$(inherited)",
					"@executable_path/Frameworks",
				);
				MARKETING_VERSION = 1.0;
				PRODUCT_BUNDLE_IDENTIFIER = projects.dotBrains;
				PRODUCT_NAME = dotBrains;
				SDKROOT = iphoneos;
				SWIFT_EMIT_LOC_STRINGS = YES;
				SWIFT_VERSION = 5.0;
				TARGETED_DEVICE_FAMILY = "1,2";
			};
			name = Debug;
		};
		DBE54EDF272B163200CEC642 /* Release */ = {
			isa = XCBuildConfiguration;
			buildSettings = {
				ASSETCATALOG_COMPILER_APPICON_NAME = AppIcon;
				ASSETCATALOG_COMPILER_GLOBAL_ACCENT_COLOR_NAME = AccentColor;
				CODE_SIGN_STYLE = Automatic;
				CURRENT_PROJECT_VERSION = 1;
				DEVELOPMENT_TEAM = 773WY6S7N4;
				ENABLE_PREVIEWS = YES;
				GENERATE_INFOPLIST_FILE = YES;
				INFOPLIST_KEY_UIApplicationSceneManifest_Generation = YES;
				INFOPLIST_KEY_UIApplicationSupportsIndirectInputEvents = YES;
				INFOPLIST_KEY_UILaunchScreen_Generation = YES;
				INFOPLIST_KEY_UISupportedInterfaceOrientations_iPad = "UIInterfaceOrientationPortrait UIInterfaceOrientationPortraitUpsideDown UIInterfaceOrientationLandscapeLeft UIInterfaceOrientationLandscapeRight";
				INFOPLIST_KEY_UISupportedInterfaceOrientations_iPhone = "UIInterfaceOrientationPortrait UIInterfaceOrientationLandscapeLeft UIInterfaceOrientationLandscapeRight";
				IPHONEOS_DEPLOYMENT_TARGET = 14.0;
				LD_RUNPATH_SEARCH_PATHS = (
					"$(inherited)",
					"@executable_path/Frameworks",
				);
				MARKETING_VERSION = 1.0;
				PRODUCT_BUNDLE_IDENTIFIER = projects.dotBrains;
				PRODUCT_NAME = dotBrains;
				SDKROOT = iphoneos;
				SWIFT_EMIT_LOC_STRINGS = YES;
				SWIFT_VERSION = 5.0;
				TARGETED_DEVICE_FAMILY = "1,2";
				VALIDATE_PRODUCT = YES;
			};
			name = Release;
		};
		DBE54EE1272B163200CEC642 /* Debug */ = {
			isa = XCBuildConfiguration;
			buildSettings = {
				ASSETCATALOG_COMPILER_APPICON_NAME = AppIcon;
				ASSETCATALOG_COMPILER_GLOBAL_ACCENT_COLOR_NAME = AccentColor;
				CODE_SIGN_ENTITLEMENTS = macOS/macOS.entitlements;
				CODE_SIGN_STYLE = Automatic;
				COMBINE_HIDPI_IMAGES = YES;
				CURRENT_PROJECT_VERSION = 1;
				DEVELOPMENT_TEAM = 773WY6S7N4;
				ENABLE_HARDENED_RUNTIME = YES;
				ENABLE_PREVIEWS = YES;
				GENERATE_INFOPLIST_FILE = YES;
				INFOPLIST_KEY_NSHumanReadableCopyright = "";
				LD_RUNPATH_SEARCH_PATHS = (
					"$(inherited)",
					"@executable_path/../Frameworks",
				);
				MACOSX_DEPLOYMENT_TARGET = 11.0;
				MARKETING_VERSION = 1.0;
				PRODUCT_BUNDLE_IDENTIFIER = projects.dotBrains;
				PRODUCT_NAME = dotBrains;
				SDKROOT = macosx;
				SWIFT_EMIT_LOC_STRINGS = YES;
				SWIFT_VERSION = 5.0;
			};
			name = Debug;
		};
		DBE54EE2272B163200CEC642 /* Release */ = {
			isa = XCBuildConfiguration;
			buildSettings = {
				ASSETCATALOG_COMPILER_APPICON_NAME = AppIcon;
				ASSETCATALOG_COMPILER_GLOBAL_ACCENT_COLOR_NAME = AccentColor;
				CODE_SIGN_ENTITLEMENTS = macOS/macOS.entitlements;
				CODE_SIGN_STYLE = Automatic;
				COMBINE_HIDPI_IMAGES = YES;
				CURRENT_PROJECT_VERSION = 1;
				DEVELOPMENT_TEAM = 773WY6S7N4;
				ENABLE_HARDENED_RUNTIME = YES;
				ENABLE_PREVIEWS = YES;
				GENERATE_INFOPLIST_FILE = YES;
				INFOPLIST_KEY_NSHumanReadableCopyright = "";
				LD_RUNPATH_SEARCH_PATHS = (
					"$(inherited)",
					"@executable_path/../Frameworks",
				);
				MACOSX_DEPLOYMENT_TARGET = 11.0;
				MARKETING_VERSION = 1.0;
				PRODUCT_BUNDLE_IDENTIFIER = projects.dotBrains;
				PRODUCT_NAME = dotBrains;
				SDKROOT = macosx;
				SWIFT_EMIT_LOC_STRINGS = YES;
				SWIFT_VERSION = 5.0;
			};
			name = Release;
		};
		DBE54EFD272B1E9100CEC642 /* Debug */ = {
			isa = XCBuildConfiguration;
			buildSettings = {
				BUNDLE_LOADER = "$(TEST_HOST)";
				CODE_SIGN_STYLE = Automatic;
				CURRENT_PROJECT_VERSION = 1;
				DEVELOPMENT_TEAM = 773WY6S7N4;
				GENERATE_INFOPLIST_FILE = YES;
				IPHONEOS_DEPLOYMENT_TARGET = 15.0;
				LD_RUNPATH_SEARCH_PATHS = (
					"$(inherited)",
					"@executable_path/Frameworks",
					"@loader_path/Frameworks",
				);
				MARKETING_VERSION = 1.0;
				PRODUCT_BUNDLE_IDENTIFIER = projects.dotBrainsTests;
				PRODUCT_NAME = "$(TARGET_NAME)";
				SDKROOT = iphoneos;
				SWIFT_EMIT_LOC_STRINGS = NO;
				SWIFT_VERSION = 5.0;
				TARGETED_DEVICE_FAMILY = "1,2";
				TEST_HOST = "$(BUILT_PRODUCTS_DIR)/dotBrains.app/dotBrains";
			};
			name = Debug;
		};
		DBE54EFE272B1E9100CEC642 /* Release */ = {
			isa = XCBuildConfiguration;
			buildSettings = {
				BUNDLE_LOADER = "$(TEST_HOST)";
				CODE_SIGN_STYLE = Automatic;
				CURRENT_PROJECT_VERSION = 1;
				DEVELOPMENT_TEAM = 773WY6S7N4;
				GENERATE_INFOPLIST_FILE = YES;
				IPHONEOS_DEPLOYMENT_TARGET = 15.0;
				LD_RUNPATH_SEARCH_PATHS = (
					"$(inherited)",
					"@executable_path/Frameworks",
					"@loader_path/Frameworks",
				);
				MARKETING_VERSION = 1.0;
				PRODUCT_BUNDLE_IDENTIFIER = projects.dotBrainsTests;
				PRODUCT_NAME = "$(TARGET_NAME)";
				SDKROOT = iphoneos;
				SWIFT_EMIT_LOC_STRINGS = NO;
				SWIFT_VERSION = 5.0;
				TARGETED_DEVICE_FAMILY = "1,2";
				TEST_HOST = "$(BUILT_PRODUCTS_DIR)/dotBrains.app/dotBrains";
				VALIDATE_PRODUCT = YES;
			};
			name = Release;
		};
/* End XCBuildConfiguration section */

/* Begin XCConfigurationList section */
		DBE54EAB272B162F00CEC642 /* Build configuration list for PBXProject "dotBrains" */ = {
			isa = XCConfigurationList;
			buildConfigurations = (
				DBE54EDB272B163200CEC642 /* Debug */,
				DBE54EDC272B163200CEC642 /* Release */,
			);
			defaultConfigurationIsVisible = 0;
			defaultConfigurationName = Release;
		};
		DBE54EDD272B163200CEC642 /* Build configuration list for PBXNativeTarget "dotBrains (iOS)" */ = {
			isa = XCConfigurationList;
			buildConfigurations = (
				DBE54EDE272B163200CEC642 /* Debug */,
				DBE54EDF272B163200CEC642 /* Release */,
			);
			defaultConfigurationIsVisible = 0;
			defaultConfigurationName = Release;
		};
		DBE54EE0272B163200CEC642 /* Build configuration list for PBXNativeTarget "dotBrains (macOS)" */ = {
			isa = XCConfigurationList;
			buildConfigurations = (
				DBE54EE1272B163200CEC642 /* Debug */,
				DBE54EE2272B163200CEC642 /* Release */,
			);
			defaultConfigurationIsVisible = 0;
			defaultConfigurationName = Release;
		};
		DBE54EFC272B1E9100CEC642 /* Build configuration list for PBXNativeTarget "dotBrainsTests" */ = {
			isa = XCConfigurationList;
			buildConfigurations = (
				DBE54EFD272B1E9100CEC642 /* Debug */,
				DBE54EFE272B1E9100CEC642 /* Release */,
			);
			defaultConfigurationIsVisible = 0;
			defaultConfigurationName = Release;
		};
/* End XCConfigurationList section */
	};
	rootObject = DBE54EA8272B162F00CEC642 /* Project object */;
}
